PODS:
  - Capacitor (7.0.1):
    - CapacitorCordova
  - CapacitorCamera (7.0.0):
    - Capacitor
  - CapacitorCordova (7.0.1)

DEPENDENCIES:
  - "Capacitor (from `../../node_modules/@capacitor/ios`)"
  - "CapacitorCamera (from `../../node_modules/@capacitor/camera`)"
  - "CapacitorCordova (from `../../node_modules/@capacitor/ios`)"

EXTERNAL SOURCES:
  Capacitor:
    :path: "../../node_modules/@capacitor/ios"
  CapacitorCamera:
    :path: "../../node_modules/@capacitor/camera"
  CapacitorCordova:
    :path: "../../node_modules/@capacitor/ios"

SPEC CHECKSUMS:
  Capacitor: 23fff43571a4d1e3ee7d67b5a3588c6e757c2913
  CapacitorCamera: 777ddf61d727754fcda0b92303ae09ea3765d7b7
  CapacitorCordova: 63d476958d5022d76f197031e8b7ea3519988c64

PODFILE CHECKSUM: c6be376320bfcb75186d02acf2face8f585c4ca5

COCOAPODS: 1.16.2
